
Microsoft Visual Studio Solution File, Format Version 12.00
# Visual Studio Version 17
VisualStudioVersion = 17.13.35825.156
MinimumVisualStudioVersion = 10.0.40219.1
Project("{FAE04EC0-301F-11D3-BF4B-00C04F79EFBC}") = "BlogDotNet.Core", "BlogDotNet.Core\BlogDotNet.Core.csproj", "{111B47B7-F88C-4182-A2DC-733923759DC5}"
EndProject
Global
	GlobalSection(SolutionConfigurationPlatforms) = preSolution
		Debug|Any CPU = Debug|Any CPU
		Release|Any CPU = Release|Any CPU
	EndGlobalSection
	GlobalSection(ProjectConfigurationPlatforms) = postSolution
		{111B47B7-F88C-4182-A2DC-733923759DC5}.Debug|Any CPU.ActiveCfg = Debug|Any CPU
		{111B47B7-F88C-4182-A2DC-733923759DC5}.Debug|Any CPU.Build.0 = Debug|Any CPU
		{111B47B7-F88C-4182-A2DC-733923759DC5}.Release|Any CPU.ActiveCfg = Release|Any CPU
		{111B47B7-F88C-4182-A2DC-733923759DC5}.Release|Any CPU.Build.0 = Release|Any CPU
	EndGlobalSection
	GlobalSection(SolutionProperties) = preSolution
		HideSolutionNode = FALSE
	EndGlobalSection
	GlobalSection(ExtensibilityGlobals) = postSolution
		SolutionGuid = {083DB4F5-8288-4004-804C-F77FAB20FDF1}
	EndGlobalSection
EndGlobal
